// !$*UTF8*$!
{
	archiveVersion = 1;
	classes = {
	};
	objectVersion = 46;
	objects = {

		2C82487AC556CC6817113C0B = {isa = PBXBuildFile; fileRef = A6A29C1B7087A28C23A25243; };
		1EA1A56B55EAB5547D9820A8 = {isa = PBXBuildFile; fileRef = 0EE25E6D49D4E5CA3CFBCD5F; };
		88415ADDF80BF997DECCA971 = {isa = PBXBuildFile; fileRef = 87AD42636BF9E84878133798; };
		B1FCFCF92AF9AE97BE2805FC = {isa = PBXBuildFile; fileRef = E9288F9618CEF32B22F1C531; };
		672DF032DD6FE62F038A2DE7 = {isa = PBXBuildFile; fileRef = F9DA81F7B2E8F9B50B7A4BFB; };
		F061350CD09CEB9AE87F3C60 = {isa = PBXBuildFile; fileRef = 994EC009FF9456F1AFEF11EE; };
		7D5C2BC0239AB8E590D3F620 = {isa = PBXBuildFile; fileRef = E806F8887CCEF95F6F284C68; };
		7781DB4B866D0F95FE700E7B = {isa = PBXBuildFile; fileRef = BB11EDBBCE7E39AC2D9E8908; };
		328D7AE9B43764BD12B0F92C = {isa = PBXBuildFile; fileRef = 2350B97F3B22ABD5321E0885; };
		97D0156DE5C498C9509787A5 = {isa = PBXBuildFile; fileRef = 8BC85540055DC98BAEB5D876; };
		F01D1D9D8644A588469DCEDE = {isa = PBXBuildFile; fileRef = 18D89951E4873871468757BA; };
		61D3BC209BEDBE5F994D6348 = {isa = PBXBuildFile; fileRef = 2F522052DF64F3DF652C677F; };
		1CE7C7615A9F5667C3D8503C = {isa = PBXBuildFile; fileRef = D012A7CE39414CB924A11D92; };
		4CE8285EABC11E75533131FF = {isa = PBXBuildFile; fileRef = 1812FD016708AFC40D92FBF5; };
		685BE807F3A25FF5301E9230 = {isa = PBXBuildFile; fileRef = B9CC8D0E089E0F7B136C416B; };
		58D67BA0AD27048BF7DEFC33 = {isa = PBXBuildFile; fileRef = EB99331D87D15CDEBD41C447; };
		DBFBCD7CF737982D173A1C34 = {isa = PBXBuildFile; fileRef = 48B24F6C080D46B4E0F4EAF1; };
		5EF17F73BDCC06D0646E3AAD = {isa = PBXBuildFile; fileRef = 30F83560453F899E61722D27; };
		8E1EE26DC2623D8646807689 = {isa = PBXBuildFile; fileRef = 176DDEFEF3FEC06AB7DA5282; };
		B5B14BF962561034C00F14D3 = {isa = PBXBuildFile; fileRef = 393A37876F42F5C3068D090C; };
		F2E429145278C802B3EA3630 = {isa = PBXBuildFile; fileRef = 382EC382AE90576A03E860E1; };
		D08CE152CEC68E7C7F335827 = {isa = PBXBuildFile; fileRef = 08A0759AB1C51E07A8B45B60; };
		B2C64AE647E79C870BB1C65F = {isa = PBXBuildFile; fileRef = 2FB570F13A174C66EFE266F4; };
		A4DB5A3F1B0E76308207661E = {isa = PBXBuildFile; fileRef = E9C6EB6774F133E62DE03705; };
		E14CAC87BEB554CA2D0F7F42 = {isa = PBXBuildFile; fileRef = 04CA1F6B091DA8CD212D4BE0; };
		50251FEF3D5838BE77DA51AC = {isa = PBXBuildFile; fileRef = F57EB171D6D21398D46808B1; };
		12E78B1AE94DC86C14693A8F = {isa = PBXBuildFile; fileRef = 578FA65139CC8B26B888B63A; };
		81D609FA0F7B6B923009F836 = {isa = PBXBuildFile; fileRef = 269BE720B242D7A8FE728DEE; };
		8D940BB0FF9BD3DF6D28DA4E = {isa = PBXBuildFile; fileRef = C5BEB83F3197D7D19ED6B089; };
		5E196F03F4055E3B808BA5CA = {isa = PBXBuildFile; fileRef = A4FA246DFF9DBB5CD547A15D; };
		F11CFCEC2822A83072057180 = {isa = PBXBuildFile; fileRef = 431997217A3D4BA2B0A55342; };
		0D73EE7237CCAB2C13ACE2EA = {isa = PBXBuildFile; fileRef = C34D6355EBB56A64B7A9DCED; };
		85C8A263CBCB2E9D0352D1B1 = {isa = PBXBuildFile; fileRef = 0B40C865FA46D12F8E65613D; };
		145483B3784DE16058752791 = {isa = PBXBuildFile; fileRef = 7F35CE21E619FB3DD7106751; };
		CF02907A0983DBF869D23264 = {isa = PBXBuildFile; fileRef = EB457672C4FD0745C68E74E6; };
		2523CE7F4B8C7600C67F4A12 = {isa = PBXBuildFile; fileRef = 2E0C69684E34335C7EEDF1ED; };
		37BAB82B2CCE17E89056DC15 = {isa = PBXBuildFile; fileRef = 4CD738597A3B6711FB9123FA; };
		278E2DEA747AF9C385DA1568 = {isa = PBXBuildFile; fileRef = CD1D81684071FD36E873661C; };
		85F5AE4438C3E989FE6CBF28 = {isa = PBXBuildFile; fileRef = 42E9999F4F7A96DB0A89554D; };
		3416D7F9DE798EE4242298F4 = {isa = PBXBuildFile; fileRef = 91DAEF93A0EA437A5B5DE109; };
		C419C57383D8DF8F67BCD53A = {isa = PBXBuildFile; fileRef = F14D04188838FEFE4CEB4742; };
		0E8DA1E22D8F30A9876F3A11 = {isa = PBXBuildFile; fileRef = 147406FB3E62AB25B47DCBD1; };
		45AACB3D8C35B8E65AD19581 = {isa = PBXBuildFile; fileRef = 8516FA55F7817C743576FAB7; };
		62F423BFCDEF213C25B978F1 = {isa = PBXBuildFile; fileRef = F1B37BD7361067EC6CA2C82B; };
		DB13F90953585EE9B1E49EB1 = {isa = PBXBuildFile; fileRef = 4F694EB91E0670EFCB12C090; };
		954E458E2546CBCEE30DDF16 = {isa = PBXBuildFile; fileRef = BFB4347D0BA3770D5C95368F; };
		BBF636EC30AB32265478ECF4 = {isa = PBXBuildFile; fileRef = 8CB49FE7E969C6028765B7C1; };
		02BED71409F691D9DCDCC63F = {isa = PBXFileReference; lastKnownFileType = sourcecode.c.h; name = PluginProcessor.h; path = ../../Source/PluginProcessor.h; sourceTree = "SOURCE_ROOT"; };
		04CA1F6B091DA8CD212D4BE0 = {isa = PBXFileReference; lastKnownFileType = sourcecode.cpp.objcpp; name = "include_juce_audio_basics.mm"; path = "../../JuceLibraryCode/include_juce_audio_basics.mm"; sourceTree = "SOURCE_ROOT"; };
		08A0759AB1C51E07A8B45B60 = {isa = PBXFileReference; lastKnownFileType = file.nib; name = RecentFilesMenuTemplate.nib; path = RecentFilesMenuTemplate.nib; sourceTree = "SOURCE_ROOT"; };
		0B40C865FA46D12F8E65613D = {isa = PBXFileReference; lastKnownFileType = sourcecode.cpp.cpp; name = "include_juce_audio_plugin_client_utils.cpp"; path = "../../JuceLibraryCode/include_juce_audio_plugin_client_utils.cpp"; sourceTree = "SOURCE_ROOT"; };
		0C3297D49096032ABC7AC777 = {isa = PBXFileReference; lastKnownFileType = file; name = "juce_audio_utils"; path = "K:/Program Files (x86)/JUCE/modules/juce_audio_utils"; sourceTree = "<absolute>"; };
		A6A29C1B7087A28C23A25243 = {isa = PBXFileReference; explicitFileType = wrapper.cfbundle; includeInIndex = 0; path = DonVST.vst; sourceTree = "BUILT_PRODUCTS_DIR"; };
		0EE25E6D49D4E5CA3CFBCD5F = {isa = PBXFileReference; explicitFileType = wrapper.cfbundle; includeInIndex = 0; path = DonVST.vst3; sourceTree = "BUILT_PRODUCTS_DIR"; };
		147406FB3E62AB25B47DCBD1 = {isa = PBXFileReference; lastKnownFileType = sourcecode.cpp.objcpp; name = "include_juce_events.mm"; path = "../../JuceLibraryCode/include_juce_events.mm"; sourceTree = "SOURCE_ROOT"; };
		176DDEFEF3FEC06AB7DA5282 = {isa = PBXFileReference; lastKnownFileType = wrapper.framework; name = OpenGL.framework; path = System/Library/Frameworks/OpenGL.framework; sourceTree = SDKROOT; };
		1812FD016708AFC40D92FBF5 = {isa = PBXFileReference; lastKnownFileType = wrapper.framework; name = CoreAudioKit.framework; path = System/Library/Frameworks/CoreAudioKit.framework; sourceTree = SDKROOT; };
		18D89951E4873871468757BA = {isa = PBXFileReference; lastKnownFileType = wrapper.framework; name = Carbon.framework; path = System/Library/Frameworks/Carbon.framework; sourceTree = SDKROOT; };
		2350B97F3B22ABD5321E0885 = {isa = PBXFileReference; lastKnownFileType = wrapper.framework; name = AudioUnit.framework; path = System/Library/Frameworks/AudioUnit.framework; sourceTree = SDKROOT; };
		269BE720B242D7A8FE728DEE = {isa = PBXFileReference; lastKnownFileType = file.r; name = "include_juce_audio_plugin_client_AU.r"; path = "../../JuceLibraryCode/include_juce_audio_plugin_client_AU.r"; sourceTree = "SOURCE_ROOT"; };
		274AA83DAF6C1B30B4675B69 = {isa = PBXFileReference; lastKnownFileType = file; name = "juce_audio_formats"; path = "K:/Program Files (x86)/JUCE/modules/juce_audio_formats"; sourceTree = "<absolute>"; };
		2E0C69684E34335C7EEDF1ED = {isa = PBXFileReference; lastKnownFileType = sourcecode.cpp.cpp; name = "include_juce_audio_plugin_client_VST3.cpp"; path = "../../JuceLibraryCode/include_juce_audio_plugin_client_VST3.cpp"; sourceTree = "SOURCE_ROOT"; };
		2F522052DF64F3DF652C677F = {isa = PBXFileReference; lastKnownFileType = wrapper.framework; name = Cocoa.framework; path = System/Library/Frameworks/Cocoa.framework; sourceTree = SDKROOT; };
		2FB570F13A174C66EFE266F4 = {isa = PBXFileReference; lastKnownFileType = sourcecode.cpp.cpp; name = PluginProcessor.cpp; path = ../../Source/PluginProcessor.cpp; sourceTree = "SOURCE_ROOT"; };
		3008A3907A8B28403C839334 = {isa = PBXFileReference; lastKnownFileType = sourcecode.c.h; name = AppConfig.h; path = ../../JuceLibraryCode/AppConfig.h; sourceTree = "SOURCE_ROOT"; };
		30F83560453F899E61722D27 = {isa = PBXFileReference; lastKnownFileType = wrapper.framework; name = IOKit.framework; path = System/Library/Frameworks/IOKit.framework; sourceTree = SDKROOT; };
		382EC382AE90576A03E860E1 = {isa = PBXFileReference; lastKnownFileType = wrapper.framework; name = WebKit.framework; path = System/Library/Frameworks/WebKit.framework; sourceTree = SDKROOT; };
		393A37876F42F5C3068D090C = {isa = PBXFileReference; lastKnownFileType = wrapper.framework; name = QuartzCore.framework; path = System/Library/Frameworks/QuartzCore.framework; sourceTree = SDKROOT; };
		42E9999F4F7A96DB0A89554D = {isa = PBXFileReference; lastKnownFileType = sourcecode.cpp.objcpp; name = "include_juce_core.mm"; path = "../../JuceLibraryCode/include_juce_core.mm"; sourceTree = "SOURCE_ROOT"; };
		431997217A3D4BA2B0A55342 = {isa = PBXFileReference; lastKnownFileType = sourcecode.cpp.objcpp; name = "include_juce_audio_plugin_client_AUv3.mm"; path = "../../JuceLibraryCode/include_juce_audio_plugin_client_AUv3.mm"; sourceTree = "SOURCE_ROOT"; };
		48B24F6C080D46B4E0F4EAF1 = {isa = PBXFileReference; lastKnownFileType = wrapper.framework; name = DiscRecording.framework; path = System/Library/Frameworks/DiscRecording.framework; sourceTree = SDKROOT; };
		4B450D816BB75066BF34D2E5 = {isa = PBXFileReference; lastKnownFileType = file; name = "juce_graphics"; path = "K:/Program Files (x86)/JUCE/modules/juce_graphics"; sourceTree = "<absolute>"; };
		4CD738597A3B6711FB9123FA = {isa = PBXFileReference; lastKnownFileType = sourcecode.cpp.objcpp; name = "include_juce_audio_processors.mm"; path = "../../JuceLibraryCode/include_juce_audio_processors.mm"; sourceTree = "SOURCE_ROOT"; };
		4F694EB91E0670EFCB12C090 = {isa = PBXFileReference; lastKnownFileType = sourcecode.cpp.objcpp; name = "include_juce_gui_extra.mm"; path = "../../JuceLibraryCode/include_juce_gui_extra.mm"; sourceTree = "SOURCE_ROOT"; };
		50ABD82FDD92F004CDD8926B = {isa = PBXFileReference; lastKnownFileType = sourcecode.c.h; name = JuceHeader.h; path = ../../JuceLibraryCode/JuceHeader.h; sourceTree = "SOURCE_ROOT"; };
		55E1A69F09E9C01CA8E2396C = {isa = PBXFileReference; lastKnownFileType = file; name = "juce_video"; path = "K:/Program Files (x86)/JUCE/modules/juce_video"; sourceTree = "<absolute>"; };
		578FA65139CC8B26B888B63A = {isa = PBXFileReference; lastKnownFileType = sourcecode.cpp.objcpp; name = "include_juce_audio_formats.mm"; path = "../../JuceLibraryCode/include_juce_audio_formats.mm"; sourceTree = "SOURCE_ROOT"; };
		79C37BBB28085E0429BB4F2C = {isa = PBXFileReference; lastKnownFileType = file; name = "juce_opengl"; path = "K:/Program Files (x86)/JUCE/modules/juce_opengl"; sourceTree = "<absolute>"; };
		7BA121C8E74E7157AEDBB719 = {isa = PBXFileReference; lastKnownFileType = text.plist.xml; name = "Info-Standalone_Plugin.plist"; path = "Info-Standalone_Plugin.plist"; sourceTree = "SOURCE_ROOT"; };
		7F35CE21E619FB3DD7106751 = {isa = PBXFileReference; lastKnownFileType = sourcecode.cpp.objcpp; name = "include_juce_audio_plugin_client_VST_utils.mm"; path = "../../JuceLibraryCode/include_juce_audio_plugin_client_VST_utils.mm"; sourceTree = "SOURCE_ROOT"; };
		8516FA55F7817C743576FAB7 = {isa = PBXFileReference; lastKnownFileType = sourcecode.cpp.objcpp; name = "include_juce_graphics.mm"; path = "../../JuceLibraryCode/include_juce_graphics.mm"; sourceTree = "SOURCE_ROOT"; };
		87AD42636BF9E84878133798 = {isa = PBXFileReference; explicitFileType = wrapper.cfbundle; includeInIndex = 0; path = DonVST.component; sourceTree = "BUILT_PRODUCTS_DIR"; };
		8BA9BB283BF5AFF7878D1DF2 = {isa = PBXFileReference; lastKnownFileType = file; name = "juce_audio_plugin_client"; path = "K:/Program Files (x86)/JUCE/modules/juce_audio_plugin_client"; sourceTree = "<absolute>"; };
		8BC85540055DC98BAEB5D876 = {isa = PBXFileReference; lastKnownFileType = wrapper.framework; name = AVFoundation.framework; path = System/Library/Frameworks/AVFoundation.framework; sourceTree = SDKROOT; };
		8BEA7476D8FEA3F8AE6C2626 = {isa = PBXFileReference; lastKnownFileType = file; name = "juce_gui_extra"; path = "K:/Program Files (x86)/JUCE/modules/juce_gui_extra"; sourceTree = "<absolute>"; };
		8CB49FE7E969C6028765B7C1 = {isa = PBXFileReference; lastKnownFileType = sourcecode.cpp.objcpp; name = "include_juce_video.mm"; path = "../../JuceLibraryCode/include_juce_video.mm"; sourceTree = "SOURCE_ROOT"; };
		8E5E1DFBD3B7B396F2F1F945 = {isa = PBXFileReference; lastKnownFileType = file; name = "juce_data_structures"; path = "K:/Program Files (x86)/JUCE/modules/juce_data_structures"; sourceTree = "<absolute>"; };
		8F95FD554541BDE4A07B1171 = {isa = PBXFileReference; lastKnownFileType = text.plist.xml; name = DonVST.entitlements; path = DonVST.entitlements; sourceTree = "SOURCE_ROOT"; };
		91DAEF93A0EA437A5B5DE109 = {isa = PBXFileReference; lastKnownFileType = sourcecode.cpp.objcpp; name = "include_juce_cryptography.mm"; path = "../../JuceLibraryCode/include_juce_cryptography.mm"; sourceTree = "SOURCE_ROOT"; };
		920FB056191B9CE0AB4685D6 = {isa = PBXFileReference; lastKnownFileType = text.plist.xml; name = "Info-AUv3_AppExtension.plist"; path = "Info-AUv3_AppExtension.plist"; sourceTree = "SOURCE_ROOT"; };
		9CCD0D63AE294CAA47A496AF = {isa = PBXFileReference; lastKnownFileType = file; name = "juce_audio_devices"; path = "K:/Program Files (x86)/JUCE/modules/juce_audio_devices"; sourceTree = "<absolute>"; };
		A4FA246DFF9DBB5CD547A15D = {isa = PBXFileReference; lastKnownFileType = sourcecode.cpp.objcpp; name = "include_juce_audio_plugin_client_AU_2.mm"; path = "../../JuceLibraryCode/include_juce_audio_plugin_client_AU_2.mm"; sourceTree = "SOURCE_ROOT"; };
		A52F604909F6CCA6D8DCD1F5 = {isa = PBXFileReference; lastKnownFileType = file; name = "juce_gui_basics"; path = "K:/Program Files (x86)/JUCE/modules/juce_gui_basics"; sourceTree = "<absolute>"; };
		ADD0FE279705D64820EDF2E3 = {isa = PBXFileReference; lastKnownFileType = sourcecode.c.h; name = PluginEditor.h; path = ../../Source/PluginEditor.h; sourceTree = "SOURCE_ROOT"; };
		AE06DC851F0A2AFFED6571BF = {isa = PBXFileReference; lastKnownFileType = text.plist.xml; name = "Info-AU.plist"; path = "Info-AU.plist"; sourceTree = "SOURCE_ROOT"; };
		B9CC8D0E089E0F7B136C416B = {isa = PBXFileReference; lastKnownFileType = wrapper.framework; name = CoreMedia.framework; path = System/Library/Frameworks/CoreMedia.framework; sourceTree = SDKROOT; };
		BA26D6BC3F3DF64B9CE4C5B1 = {isa = PBXFileReference; lastKnownFileType = text.plist.xml; name = "Info-VST.plist"; path = "Info-VST.plist"; sourceTree = "SOURCE_ROOT"; };
		BB11EDBBCE7E39AC2D9E8908 = {isa = PBXFileReference; lastKnownFileType = wrapper.framework; name = AudioToolbox.framework; path = System/Library/Frameworks/AudioToolbox.framework; sourceTree = SDKROOT; };
		BFB4347D0BA3770D5C95368F = {isa = PBXFileReference; lastKnownFileType = sourcecode.cpp.objcpp; name = "include_juce_opengl.mm"; path = "../../JuceLibraryCode/include_juce_opengl.mm"; sourceTree = "SOURCE_ROOT"; };
		C34D6355EBB56A64B7A9DCED = {isa = PBXFileReference; lastKnownFileType = sourcecode.cpp.cpp; name = "include_juce_audio_plugin_client_Standalone.cpp"; path = "../../JuceLibraryCode/include_juce_audio_plugin_client_Standalone.cpp"; sourceTree = "SOURCE_ROOT"; };
		C5BEB83F3197D7D19ED6B089 = {isa = PBXFileReference; lastKnownFileType = sourcecode.cpp.objcpp; name = "include_juce_audio_plugin_client_AU_1.mm"; path = "../../JuceLibraryCode/include_juce_audio_plugin_client_AU_1.mm"; sourceTree = "SOURCE_ROOT"; };
		CD1D81684071FD36E873661C = {isa = PBXFileReference; lastKnownFileType = sourcecode.cpp.objcpp; name = "include_juce_audio_utils.mm"; path = "../../JuceLibraryCode/include_juce_audio_utils.mm"; sourceTree = "SOURCE_ROOT"; };
		D012A7CE39414CB924A11D92 = {isa = PBXFileReference; lastKnownFileType = wrapper.framework; name = CoreAudio.framework; path = System/Library/Frameworks/CoreAudio.framework; sourceTree = SDKROOT; };
		DDF5E3482292C3E8B78EF7D6 = {isa = PBXFileReference; lastKnownFileType = file; name = "juce_audio_processors"; path = "K:/Program Files (x86)/JUCE/modules/juce_audio_processors"; sourceTree = "<absolute>"; };
		E7935A0E45C4905E815A2D65 = {isa = PBXFileReference; lastKnownFileType = file; name = "juce_cryptography"; path = "K:/Program Files (x86)/JUCE/modules/juce_cryptography"; sourceTree = "<absolute>"; };
		E806F8887CCEF95F6F284C68 = {isa = PBXFileReference; lastKnownFileType = wrapper.framework; name = Accelerate.framework; path = System/Library/Frameworks/Accelerate.framework; sourceTree = SDKROOT; };
		E8970BD0803844B0B34C1892 = {isa = PBXFileReference; lastKnownFileType = file; name = "juce_events"; path = "K:/Program Files (x86)/JUCE/modules/juce_events"; sourceTree = "<absolute>"; };
		E9288F9618CEF32B22F1C531 = {isa = PBXFileReference; explicitFileType = "wrapper.app-extension"; includeInIndex = 0; path = DonVST.appex; sourceTree = "BUILT_PRODUCTS_DIR"; };
		E9C6EB6774F133E62DE03705 = {isa = PBXFileReference; lastKnownFileType = sourcecode.cpp.cpp; name = PluginEditor.cpp; path = ../../Source/PluginEditor.cpp; sourceTree = "SOURCE_ROOT"; };
		EB457672C4FD0745C68E74E6 = {isa = PBXFileReference; lastKnownFileType = sourcecode.cpp.cpp; name = "include_juce_audio_plugin_client_VST2.cpp"; path = "../../JuceLibraryCode/include_juce_audio_plugin_client_VST2.cpp"; sourceTree = "SOURCE_ROOT"; };
		EB99331D87D15CDEBD41C447 = {isa = PBXFileReference; lastKnownFileType = wrapper.framework; name = CoreMIDI.framework; path = System/Library/Frameworks/CoreMIDI.framework; sourceTree = SDKROOT; };
		EE877EBD54870ED417190781 = {isa = PBXFileReference; lastKnownFileType = text.plist.xml; name = "Info-VST3.plist"; path = "Info-VST3.plist"; sourceTree = "SOURCE_ROOT"; };
		F14D04188838FEFE4CEB4742 = {isa = PBXFileReference; lastKnownFileType = sourcecode.cpp.objcpp; name = "include_juce_data_structures.mm"; path = "../../JuceLibraryCode/include_juce_data_structures.mm"; sourceTree = "SOURCE_ROOT"; };
		F1B37BD7361067EC6CA2C82B = {isa = PBXFileReference; lastKnownFileType = sourcecode.cpp.objcpp; name = "include_juce_gui_basics.mm"; path = "../../JuceLibraryCode/include_juce_gui_basics.mm"; sourceTree = "SOURCE_ROOT"; };
		F57EB171D6D21398D46808B1 = {isa = PBXFileReference; lastKnownFileType = sourcecode.cpp.objcpp; name = "include_juce_audio_devices.mm"; path = "../../JuceLibraryCode/include_juce_audio_devices.mm"; sourceTree = "SOURCE_ROOT"; };
		F9ABD9DDBBD0C54F037D9244 = {isa = PBXFileReference; lastKnownFileType = file; name = "juce_audio_basics"; path = "K:/Program Files (x86)/JUCE/modules/juce_audio_basics"; sourceTree = "<absolute>"; };
		F9DA81F7B2E8F9B50B7A4BFB = {isa = PBXFileReference; explicitFileType = wrapper.application; includeInIndex = 0; path = DonVST.app; sourceTree = "BUILT_PRODUCTS_DIR"; };
		994EC009FF9456F1AFEF11EE = {isa = PBXFileReference; explicitFileType = archive.ar; includeInIndex = 0; path = libDonVST.a; sourceTree = "BUILT_PRODUCTS_DIR"; };
		FC86C8AE18604569748626BA = {isa = PBXFileReference; lastKnownFileType = file; name = "juce_core"; path = "K:/Program Files (x86)/JUCE/modules/juce_core"; sourceTree = "<absolute>"; };
		07CDB58B25A20F3D491614D3 = {isa = PBXGroup; children = (
					2FB570F13A174C66EFE266F4,
					02BED71409F691D9DCDCC63F,
					E9C6EB6774F133E62DE03705,
					ADD0FE279705D64820EDF2E3, ); name = Source; sourceTree = "<group>"; };
		F77B090BC52346E10007DE90 = {isa = PBXGroup; children = (
					07CDB58B25A20F3D491614D3, ); name = DonVST; sourceTree = "<group>"; };
		6FC41357D63B03F945DE41E1 = {isa = PBXGroup; children = (
					F9ABD9DDBBD0C54F037D9244,
					9CCD0D63AE294CAA47A496AF,
					274AA83DAF6C1B30B4675B69,
					8BA9BB283BF5AFF7878D1DF2,
					DDF5E3482292C3E8B78EF7D6,
					0C3297D49096032ABC7AC777,
					FC86C8AE18604569748626BA,
					E7935A0E45C4905E815A2D65,
					8E5E1DFBD3B7B396F2F1F945,
					E8970BD0803844B0B34C1892,
					4B450D816BB75066BF34D2E5,
					A52F604909F6CCA6D8DCD1F5,
					8BEA7476D8FEA3F8AE6C2626,
					79C37BBB28085E0429BB4F2C,
					55E1A69F09E9C01CA8E2396C, ); name = "Juce Modules"; sourceTree = "<group>"; };
		25C92632066387F57FBB4761 = {isa = PBXGroup; children = (
					3008A3907A8B28403C839334,
					04CA1F6B091DA8CD212D4BE0,
					F57EB171D6D21398D46808B1,
					578FA65139CC8B26B888B63A,
					269BE720B242D7A8FE728DEE,
					C5BEB83F3197D7D19ED6B089,
					A4FA246DFF9DBB5CD547A15D,
					431997217A3D4BA2B0A55342,
					C34D6355EBB56A64B7A9DCED,
					0B40C865FA46D12F8E65613D,
					7F35CE21E619FB3DD7106751,
					EB457672C4FD0745C68E74E6,
					2E0C69684E34335C7EEDF1ED,
					4CD738597A3B6711FB9123FA,
					CD1D81684071FD36E873661C,
					42E9999F4F7A96DB0A89554D,
					91DAEF93A0EA437A5B5DE109,
					F14D04188838FEFE4CEB4742,
					147406FB3E62AB25B47DCBD1,
					8516FA55F7817C743576FAB7,
					F1B37BD7361067EC6CA2C82B,
					4F694EB91E0670EFCB12C090,
					BFB4347D0BA3770D5C95368F,
					8CB49FE7E969C6028765B7C1,
					50ABD82FDD92F004CDD8926B, ); name = "Juce Library Code"; sourceTree = "<group>"; };
		C06667B85A954CE9E0321712 = {isa = PBXGroup; children = (
					BA26D6BC3F3DF64B9CE4C5B1,
					EE877EBD54870ED417190781,
					AE06DC851F0A2AFFED6571BF,
					920FB056191B9CE0AB4685D6,
					7BA121C8E74E7157AEDBB719,
					08A0759AB1C51E07A8B45B60, ); name = Resources; sourceTree = "<group>"; };
		030012952836754AABC2D6F7 = {isa = PBXGroup; children = (
					E806F8887CCEF95F6F284C68,
					BB11EDBBCE7E39AC2D9E8908,
					2350B97F3B22ABD5321E0885,
					8BC85540055DC98BAEB5D876,
					18D89951E4873871468757BA,
					2F522052DF64F3DF652C677F,
					D012A7CE39414CB924A11D92,
					1812FD016708AFC40D92FBF5,
					B9CC8D0E089E0F7B136C416B,
					EB99331D87D15CDEBD41C447,
					48B24F6C080D46B4E0F4EAF1,
					30F83560453F899E61722D27,
					176DDEFEF3FEC06AB7DA5282,
					393A37876F42F5C3068D090C,
					382EC382AE90576A03E860E1, ); name = Frameworks; sourceTree = "<group>"; };
		F75734D421052400D75AABCD = {isa = PBXGroup; children = (
					A6A29C1B7087A28C23A25243,
					0EE25E6D49D4E5CA3CFBCD5F,
					87AD42636BF9E84878133798,
					E9288F9618CEF32B22F1C531,
					F9DA81F7B2E8F9B50B7A4BFB,
					994EC009FF9456F1AFEF11EE, ); name = Products; sourceTree = "<group>"; };
		1A116CED3723484096C03188 = {isa = PBXGroup; children = (
					8F95FD554541BDE4A07B1171,
					F77B090BC52346E10007DE90,
					6FC41357D63B03F945DE41E1,
					25C92632066387F57FBB4761,
					C06667B85A954CE9E0321712,
					030012952836754AABC2D6F7,
					F75734D421052400D75AABCD, ); name = Source; sourceTree = "<group>"; };
		7A3E5C7C6C9ECBB8F28DB4CF = {isa = XCBuildConfiguration; buildSettings = {  }; name = Debug; };
		C4C0AE23DFC9C9615B62CCB7 = {isa = XCBuildConfiguration; buildSettings = {  }; name = Release; };
		F5C9373D5CF4F604F5CB9B70 = {isa = XCBuildConfiguration; buildSettings = {
				CLANG_CXX_LANGUAGE_STANDARD = "c++0x";
				CLANG_LINK_OBJC_RUNTIME = NO;
				COMBINE_HIDPI_IMAGES = YES;
				CONFIGURATION_BUILD_DIR = "$(PROJECT_DIR)/build/$(CONFIGURATION)";
				COPY_PHASE_STRIP = NO;
				DEPLOYMENT_LOCATION = YES;
				DSTROOT = /;
				GCC_DYNAMIC_NO_PIC = NO;
				GCC_OPTIMIZATION_LEVEL = 0;
				GCC_PREPROCESSOR_DEFINITIONS = (
					"_DEBUG=1",
					"DEBUG=1",
					"JUCER_XCODE_MAC_F6D2F4CF=1",
					"JUCE_APP_VERSION=1.0.0",
					"JUCE_APP_VERSION_HEX=0x10000",
					"JucePlugin_Build_VST=1",
					"JucePlugin_Build_VST3=0",
					"JucePlugin_Build_AU=0",
					"JucePlugin_Build_AUv3=0",
					"JucePlugin_Build_RTAS=0",
					"JucePlugin_Build_AAX=0",
					"JucePlugin_Build_Standalone=0", );
				GCC_VERSION = com.apple.compilers.llvm.clang.1_0;
				GENERATE_PKGINFO_FILE = YES;
				HEADER_SEARCH_PATHS = ("~/SDKs/VST_SDK/VST3_SDK", "../../JuceLibraryCode", "\"K:/Program Files (x86)/JUCE/modules\"", "\"K:/Program Files (x86)/JUCE/modules/juce_audio_plugin_client\"", "$(inherited)");
				INFOPLIST_FILE = Info-VST.plist;
				INSTALL_PATH = "$(HOME)/Library/Audio/Plug-Ins/VST/";
				LIBRARY_STYLE = Bundle;
				MACOSX_DEPLOYMENT_TARGET = 10.11;
				MACOSX_DEPLOYMENT_TARGET_ppc = 10.4;
				OTHER_LDFLAGS = "-bundle -lDonVST";
				PRODUCT_BUNDLE_IDENTIFIER = net.vocalodon.DonVST;
				SDKROOT_ppc = macosx10.5;
				WRAPPER_EXTENSION = vst; }; name = Debug; };
		82F5DEF1BB841E944DFDCBAB = {isa = XCBuildConfiguration; buildSettings = {
				CLANG_CXX_LANGUAGE_STANDARD = "c++0x";
				CLANG_LINK_OBJC_RUNTIME = NO;
				COMBINE_HIDPI_IMAGES = YES;
				CONFIGURATION_BUILD_DIR = "$(PROJECT_DIR)/build/$(CONFIGURATION)";
				DEAD_CODE_STRIPPING = YES;
				DEPLOYMENT_LOCATION = YES;
				DSTROOT = /;
				GCC_GENERATE_DEBUGGING_SYMBOLS = NO;
				GCC_OPTIMIZATION_LEVEL = 3;
				GCC_PREPROCESSOR_DEFINITIONS = (
					"_NDEBUG=1",
					"NDEBUG=1",
					"JUCER_XCODE_MAC_F6D2F4CF=1",
					"JUCE_APP_VERSION=1.0.0",
					"JUCE_APP_VERSION_HEX=0x10000",
					"JucePlugin_Build_VST=1",
					"JucePlugin_Build_VST3=0",
					"JucePlugin_Build_AU=0",
					"JucePlugin_Build_AUv3=0",
					"JucePlugin_Build_RTAS=0",
					"JucePlugin_Build_AAX=0",
					"JucePlugin_Build_Standalone=0", );
				GCC_SYMBOLS_PRIVATE_EXTERN = YES;
				GCC_VERSION = com.apple.compilers.llvm.clang.1_0;
				GENERATE_PKGINFO_FILE = YES;
				HEADER_SEARCH_PATHS = ("~/SDKs/VST_SDK/VST3_SDK", "../../JuceLibraryCode", "\"K:/Program Files (x86)/JUCE/modules\"", "\"K:/Program Files (x86)/JUCE/modules/juce_audio_plugin_client\"", "$(inherited)");
				INFOPLIST_FILE = Info-VST.plist;
				INSTALL_PATH = "$(HOME)/Library/Audio/Plug-Ins/VST/";
				LIBRARY_STYLE = Bundle;
				MACOSX_DEPLOYMENT_TARGET = 10.11;
				MACOSX_DEPLOYMENT_TARGET_ppc = 10.4;
				OTHER_LDFLAGS = "-bundle -lDonVST";
				PRODUCT_BUNDLE_IDENTIFIER = net.vocalodon.DonVST;
				SDKROOT_ppc = macosx10.5;
				WRAPPER_EXTENSION = vst; }; name = Release; };
		E1D03818BDFF31E7E758944F = {isa = XCBuildConfiguration; buildSettings = {
				CLANG_CXX_LANGUAGE_STANDARD = "c++0x";
				CLANG_LINK_OBJC_RUNTIME = NO;
				COMBINE_HIDPI_IMAGES = YES;
				CONFIGURATION_BUILD_DIR = "$(PROJECT_DIR)/build/$(CONFIGURATION)";
				COPY_PHASE_STRIP = NO;
				DEPLOYMENT_LOCATION = YES;
				DSTROOT = /;
				GCC_DYNAMIC_NO_PIC = NO;
				GCC_OPTIMIZATION_LEVEL = 0;
				GCC_PREPROCESSOR_DEFINITIONS = (
					"_DEBUG=1",
					"DEBUG=1",
					"JUCER_XCODE_MAC_F6D2F4CF=1",
					"JUCE_APP_VERSION=1.0.0",
					"JUCE_APP_VERSION_HEX=0x10000",
					"JucePlugin_Build_VST=0",
					"JucePlugin_Build_VST3=1",
					"JucePlugin_Build_AU=0",
					"JucePlugin_Build_AUv3=0",
					"JucePlugin_Build_RTAS=0",
					"JucePlugin_Build_AAX=0",
					"JucePlugin_Build_Standalone=0", );
				GCC_VERSION = com.apple.compilers.llvm.clang.1_0;
				GENERATE_PKGINFO_FILE = YES;
				HEADER_SEARCH_PATHS = ("~/SDKs/VST_SDK/VST3_SDK", "../../JuceLibraryCode", "\"K:/Program Files (x86)/JUCE/modules\"", "\"K:/Program Files (x86)/JUCE/modules/juce_audio_plugin_client\"", "$(inherited)");
				INFOPLIST_FILE = Info-VST3.plist;
				INSTALL_PATH = "$(HOME)/Library/Audio/Plug-Ins/VST3/";
				LIBRARY_STYLE = Bundle;
				MACOSX_DEPLOYMENT_TARGET = 10.11;
				MACOSX_DEPLOYMENT_TARGET_ppc = 10.4;
				OTHER_LDFLAGS = "-bundle -lDonVST";
				PRODUCT_BUNDLE_IDENTIFIER = net.vocalodon.DonVST;
				SDKROOT_ppc = macosx10.5;
				WRAPPER_EXTENSION = vst3; }; name = Debug; };
		6A146050C3592EB5929F97BC = {isa = XCBuildConfiguration; buildSettings = {
				CLANG_CXX_LANGUAGE_STANDARD = "c++0x";
				CLANG_LINK_OBJC_RUNTIME = NO;
				COMBINE_HIDPI_IMAGES = YES;
				CONFIGURATION_BUILD_DIR = "$(PROJECT_DIR)/build/$(CONFIGURATION)";
				DEAD_CODE_STRIPPING = YES;
				DEPLOYMENT_LOCATION = YES;
				DSTROOT = /;
				GCC_GENERATE_DEBUGGING_SYMBOLS = NO;
				GCC_OPTIMIZATION_LEVEL = 3;
				GCC_PREPROCESSOR_DEFINITIONS = (
					"_NDEBUG=1",
					"NDEBUG=1",
					"JUCER_XCODE_MAC_F6D2F4CF=1",
					"JUCE_APP_VERSION=1.0.0",
					"JUCE_APP_VERSION_HEX=0x10000",
					"JucePlugin_Build_VST=0",
					"JucePlugin_Build_VST3=1",
					"JucePlugin_Build_AU=0",
					"JucePlugin_Build_AUv3=0",
					"JucePlugin_Build_RTAS=0",
					"JucePlugin_Build_AAX=0",
					"JucePlugin_Build_Standalone=0", );
				GCC_SYMBOLS_PRIVATE_EXTERN = YES;
				GCC_VERSION = com.apple.compilers.llvm.clang.1_0;
				GENERATE_PKGINFO_FILE = YES;
				HEADER_SEARCH_PATHS = ("~/SDKs/VST_SDK/VST3_SDK", "../../JuceLibraryCode", "\"K:/Program Files (x86)/JUCE/modules\"", "\"K:/Program Files (x86)/JUCE/modules/juce_audio_plugin_client\"", "$(inherited)");
				INFOPLIST_FILE = Info-VST3.plist;
				INSTALL_PATH = "$(HOME)/Library/Audio/Plug-Ins/VST3/";
				LIBRARY_STYLE = Bundle;
				MACOSX_DEPLOYMENT_TARGET = 10.11;
				MACOSX_DEPLOYMENT_TARGET_ppc = 10.4;
				OTHER_LDFLAGS = "-bundle -lDonVST";
				PRODUCT_BUNDLE_IDENTIFIER = net.vocalodon.DonVST;
				SDKROOT_ppc = macosx10.5;
				WRAPPER_EXTENSION = vst3; }; name = Release; };
		5E9D56552E6A4542E33E60C0 = {isa = XCBuildConfiguration; buildSettings = {
				CLANG_CXX_LANGUAGE_STANDARD = "c++0x";
				CLANG_LINK_OBJC_RUNTIME = NO;
				COMBINE_HIDPI_IMAGES = YES;
				CONFIGURATION_BUILD_DIR = "$(PROJECT_DIR)/build/$(CONFIGURATION)";
				COPY_PHASE_STRIP = NO;
				DEPLOYMENT_LOCATION = YES;
				DSTROOT = /;
				GCC_DYNAMIC_NO_PIC = NO;
				GCC_OPTIMIZATION_LEVEL = 0;
				GCC_PREPROCESSOR_DEFINITIONS = (
					"_DEBUG=1",
					"DEBUG=1",
					"JUCER_XCODE_MAC_F6D2F4CF=1",
					"JUCE_APP_VERSION=1.0.0",
					"JUCE_APP_VERSION_HEX=0x10000",
					"JucePlugin_Build_VST=0",
					"JucePlugin_Build_VST3=0",
					"JucePlugin_Build_AU=1",
					"JucePlugin_Build_AUv3=0",
					"JucePlugin_Build_RTAS=0",
					"JucePlugin_Build_AAX=0",
					"JucePlugin_Build_Standalone=0", );
				GCC_VERSION = com.apple.compilers.llvm.clang.1_0;
				GENERATE_PKGINFO_FILE = YES;
				HEADER_SEARCH_PATHS = ("~/SDKs/VST_SDK/VST3_SDK", "../../JuceLibraryCode", "\"K:/Program Files (x86)/JUCE/modules\"", "\"K:/Program Files (x86)/JUCE/modules/juce_audio_plugin_client\"", "$(inherited)");
				INFOPLIST_FILE = Info-AU.plist;
				INSTALL_PATH = "$(HOME)/Library/Audio/Plug-Ins/Components/";
				LIBRARY_STYLE = Bundle;
				MACOSX_DEPLOYMENT_TARGET = 10.11;
				MACOSX_DEPLOYMENT_TARGET_ppc = 10.4;
				OTHER_LDFLAGS = "-bundle -lDonVST";
				OTHER_REZFLAGS = "-d ppc_$ppc -d i386_$i386 -d ppc64_$ppc64 -d x86_64_$x86_64 -I /System/Library/Frameworks/CoreServices.framework/Frameworks/CarbonCore.framework/Versions/A/Headers -I \"$(DEVELOPER_DIR)/Extras/CoreAudio/AudioUnits/AUPublic/AUBase\"";
				PRODUCT_BUNDLE_IDENTIFIER = net.vocalodon.DonVST;
				SDKROOT_ppc = macosx10.5;
				WRAPPER_EXTENSION = component; }; name = Debug; };
		BC1FB9891821105C9EF01DF1 = {isa = XCBuildConfiguration; buildSettings = {
				CLANG_CXX_LANGUAGE_STANDARD = "c++0x";
				CLANG_LINK_OBJC_RUNTIME = NO;
				COMBINE_HIDPI_IMAGES = YES;
				CONFIGURATION_BUILD_DIR = "$(PROJECT_DIR)/build/$(CONFIGURATION)";
				DEAD_CODE_STRIPPING = YES;
				DEPLOYMENT_LOCATION = YES;
				DSTROOT = /;
				GCC_GENERATE_DEBUGGING_SYMBOLS = NO;
				GCC_OPTIMIZATION_LEVEL = 3;
				GCC_PREPROCESSOR_DEFINITIONS = (
					"_NDEBUG=1",
					"NDEBUG=1",
					"JUCER_XCODE_MAC_F6D2F4CF=1",
					"JUCE_APP_VERSION=1.0.0",
					"JUCE_APP_VERSION_HEX=0x10000",
					"JucePlugin_Build_VST=0",
					"JucePlugin_Build_VST3=0",
					"JucePlugin_Build_AU=1",
					"JucePlugin_Build_AUv3=0",
					"JucePlugin_Build_RTAS=0",
					"JucePlugin_Build_AAX=0",
					"JucePlugin_Build_Standalone=0", );
				GCC_SYMBOLS_PRIVATE_EXTERN = YES;
				GCC_VERSION = com.apple.compilers.llvm.clang.1_0;
				GENERATE_PKGINFO_FILE = YES;
				HEADER_SEARCH_PATHS = ("~/SDKs/VST_SDK/VST3_SDK", "../../JuceLibraryCode", "\"K:/Program Files (x86)/JUCE/modules\"", "\"K:/Program Files (x86)/JUCE/modules/juce_audio_plugin_client\"", "$(inherited)");
				INFOPLIST_FILE = Info-AU.plist;
				INSTALL_PATH = "$(HOME)/Library/Audio/Plug-Ins/Components/";
				LIBRARY_STYLE = Bundle;
				MACOSX_DEPLOYMENT_TARGET = 10.11;
				MACOSX_DEPLOYMENT_TARGET_ppc = 10.4;
				OTHER_LDFLAGS = "-bundle -lDonVST";
				OTHER_REZFLAGS = "-d ppc_$ppc -d i386_$i386 -d ppc64_$ppc64 -d x86_64_$x86_64 -I /System/Library/Frameworks/CoreServices.framework/Frameworks/CarbonCore.framework/Versions/A/Headers -I \"$(DEVELOPER_DIR)/Extras/CoreAudio/AudioUnits/AUPublic/AUBase\"";
				PRODUCT_BUNDLE_IDENTIFIER = net.vocalodon.DonVST;
				SDKROOT_ppc = macosx10.5;
				WRAPPER_EXTENSION = component; }; name = Release; };
		156125FBE858E98719B8F4E8 = {isa = XCBuildConfiguration; buildSettings = {
				ARCHS = "$(ARCHS_STANDARD_64_BIT)";
				CLANG_CXX_LANGUAGE_STANDARD = "c++0x";
				CLANG_LINK_OBJC_RUNTIME = NO;
				CODE_SIGN_ENTITLEMENTS = "DonVST.entitlements";
				COMBINE_HIDPI_IMAGES = YES;
				CONFIGURATION_BUILD_DIR = "$(PROJECT_DIR)/build/$(CONFIGURATION)";
				COPY_PHASE_STRIP = NO;
				GCC_DYNAMIC_NO_PIC = NO;
				GCC_OPTIMIZATION_LEVEL = 0;
				GCC_PREPROCESSOR_DEFINITIONS = (
					"_DEBUG=1",
					"DEBUG=1",
					"JUCER_XCODE_MAC_F6D2F4CF=1",
					"JUCE_APP_VERSION=1.0.0",
					"JUCE_APP_VERSION_HEX=0x10000",
					"JucePlugin_Build_VST=0",
					"JucePlugin_Build_VST3=0",
					"JucePlugin_Build_AU=0",
					"JucePlugin_Build_AUv3=1",
					"JucePlugin_Build_RTAS=0",
					"JucePlugin_Build_AAX=0",
					"JucePlugin_Build_Standalone=0", );
				GCC_VERSION = com.apple.compilers.llvm.clang.1_0;
				HEADER_SEARCH_PATHS = ("~/SDKs/VST_SDK/VST3_SDK", "../../JuceLibraryCode", "\"K:/Program Files (x86)/JUCE/modules\"", "\"K:/Program Files (x86)/JUCE/modules/juce_audio_plugin_client\"", "$(inherited)");
				INFOPLIST_FILE = Info-AUv3_AppExtension.plist;
				MACOSX_DEPLOYMENT_TARGET = 10.11;
				MACOSX_DEPLOYMENT_TARGET_ppc = 10.4;
				OTHER_LDFLAGS = "-lDonVST";
				PRODUCT_BUNDLE_IDENTIFIER = net.vocalodon.DonVST.DonVSTAUv3;
				SDKROOT_ppc = macosx10.5; }; name = Debug; };
		14439D14213B9830ECD40C06 = {isa = XCBuildConfiguration; buildSettings = {
				ARCHS = "$(ARCHS_STANDARD_64_BIT)";
				CLANG_CXX_LANGUAGE_STANDARD = "c++0x";
				CLANG_LINK_OBJC_RUNTIME = NO;
				CODE_SIGN_ENTITLEMENTS = "DonVST.entitlements";
				COMBINE_HIDPI_IMAGES = YES;
				CONFIGURATION_BUILD_DIR = "$(PROJECT_DIR)/build/$(CONFIGURATION)";
				DEAD_CODE_STRIPPING = YES;
				GCC_GENERATE_DEBUGGING_SYMBOLS = NO;
				GCC_OPTIMIZATION_LEVEL = 3;
				GCC_PREPROCESSOR_DEFINITIONS = (
					"_NDEBUG=1",
					"NDEBUG=1",
					"JUCER_XCODE_MAC_F6D2F4CF=1",
					"JUCE_APP_VERSION=1.0.0",
					"JUCE_APP_VERSION_HEX=0x10000",
					"JucePlugin_Build_VST=0",
					"JucePlugin_Build_VST3=0",
					"JucePlugin_Build_AU=0",
					"JucePlugin_Build_AUv3=1",
					"JucePlugin_Build_RTAS=0",
					"JucePlugin_Build_AAX=0",
					"JucePlugin_Build_Standalone=0", );
				GCC_SYMBOLS_PRIVATE_EXTERN = YES;
				GCC_VERSION = com.apple.compilers.llvm.clang.1_0;
				HEADER_SEARCH_PATHS = ("~/SDKs/VST_SDK/VST3_SDK", "../../JuceLibraryCode", "\"K:/Program Files (x86)/JUCE/modules\"", "\"K:/Program Files (x86)/JUCE/modules/juce_audio_plugin_client\"", "$(inherited)");
				INFOPLIST_FILE = Info-AUv3_AppExtension.plist;
				MACOSX_DEPLOYMENT_TARGET = 10.11;
				MACOSX_DEPLOYMENT_TARGET_ppc = 10.4;
				OTHER_LDFLAGS = "-lDonVST";
				PRODUCT_BUNDLE_IDENTIFIER = net.vocalodon.DonVST.DonVSTAUv3;
				SDKROOT_ppc = macosx10.5; }; name = Release; };
		ED70538D5BCE1CE5241A7780 = {isa = XCBuildConfiguration; buildSettings = {
				CLANG_CXX_LANGUAGE_STANDARD = "c++0x";
				CLANG_LINK_OBJC_RUNTIME = NO;
				COMBINE_HIDPI_IMAGES = YES;
				CONFIGURATION_BUILD_DIR = "$(PROJECT_DIR)/build/$(CONFIGURATION)";
				COPY_PHASE_STRIP = NO;
				GCC_DYNAMIC_NO_PIC = NO;
				GCC_OPTIMIZATION_LEVEL = 0;
				GCC_PREPROCESSOR_DEFINITIONS = (
					"_DEBUG=1",
					"DEBUG=1",
					"JUCER_XCODE_MAC_F6D2F4CF=1",
					"JUCE_APP_VERSION=1.0.0",
					"JUCE_APP_VERSION_HEX=0x10000",
					"JucePlugin_Build_VST=0",
					"JucePlugin_Build_VST3=0",
					"JucePlugin_Build_AU=0",
					"JucePlugin_Build_AUv3=0",
					"JucePlugin_Build_RTAS=0",
					"JucePlugin_Build_AAX=0",
					"JucePlugin_Build_Standalone=1", );
				GCC_VERSION = com.apple.compilers.llvm.clang.1_0;
				HEADER_SEARCH_PATHS = ("~/SDKs/VST_SDK/VST3_SDK", "../../JuceLibraryCode", "\"K:/Program Files (x86)/JUCE/modules\"", "\"K:/Program Files (x86)/JUCE/modules/juce_audio_plugin_client\"", "$(inherited)");
				INFOPLIST_FILE = Info-Standalone_Plugin.plist;
				MACOSX_DEPLOYMENT_TARGET = 10.11;
				MACOSX_DEPLOYMENT_TARGET_ppc = 10.4;
				OTHER_LDFLAGS = "-lDonVST";
				PRODUCT_BUNDLE_IDENTIFIER = net.vocalodon.DonVST;
				SDKROOT_ppc = macosx10.5; }; name = Debug; };
		185FEBFAF8DC022C982C1D19 = {isa = XCBuildConfiguration; buildSettings = {
				CLANG_CXX_LANGUAGE_STANDARD = "c++0x";
				CLANG_LINK_OBJC_RUNTIME = NO;
				COMBINE_HIDPI_IMAGES = YES;
				CONFIGURATION_BUILD_DIR = "$(PROJECT_DIR)/build/$(CONFIGURATION)";
				DEAD_CODE_STRIPPING = YES;
				GCC_GENERATE_DEBUGGING_SYMBOLS = NO;
				GCC_OPTIMIZATION_LEVEL = 3;
				GCC_PREPROCESSOR_DEFINITIONS = (
					"_NDEBUG=1",
					"NDEBUG=1",
					"JUCER_XCODE_MAC_F6D2F4CF=1",
					"JUCE_APP_VERSION=1.0.0",
					"JUCE_APP_VERSION_HEX=0x10000",
					"JucePlugin_Build_VST=0",
					"JucePlugin_Build_VST3=0",
					"JucePlugin_Build_AU=0",
					"JucePlugin_Build_AUv3=0",
					"JucePlugin_Build_RTAS=0",
					"JucePlugin_Build_AAX=0",
					"JucePlugin_Build_Standalone=1", );
				GCC_SYMBOLS_PRIVATE_EXTERN = YES;
				GCC_VERSION = com.apple.compilers.llvm.clang.1_0;
				HEADER_SEARCH_PATHS = ("~/SDKs/VST_SDK/VST3_SDK", "../../JuceLibraryCode", "\"K:/Program Files (x86)/JUCE/modules\"", "\"K:/Program Files (x86)/JUCE/modules/juce_audio_plugin_client\"", "$(inherited)");
				INFOPLIST_FILE = Info-Standalone_Plugin.plist;
				MACOSX_DEPLOYMENT_TARGET = 10.11;
				MACOSX_DEPLOYMENT_TARGET_ppc = 10.4;
				OTHER_LDFLAGS = "-lDonVST";
				PRODUCT_BUNDLE_IDENTIFIER = net.vocalodon.DonVST;
				SDKROOT_ppc = macosx10.5; }; name = Release; };
		E90F1246C9D47FD41C36DDEE = {isa = XCBuildConfiguration; buildSettings = {
				CLANG_CXX_LANGUAGE_STANDARD = "c++0x";
				CLANG_LINK_OBJC_RUNTIME = NO;
				COMBINE_HIDPI_IMAGES = YES;
				CONFIGURATION_BUILD_DIR = "$(PROJECT_DIR)/build/$(CONFIGURATION)";
				COPY_PHASE_STRIP = NO;
				GCC_DYNAMIC_NO_PIC = NO;
				GCC_OPTIMIZATION_LEVEL = 0;
				GCC_PREPROCESSOR_DEFINITIONS = (
					"_DEBUG=1",
					"DEBUG=1",
					"JUCER_XCODE_MAC_F6D2F4CF=1",
					"JUCE_APP_VERSION=1.0.0",
					"JUCE_APP_VERSION_HEX=0x10000",
					"JucePlugin_Build_VST=1",
					"JucePlugin_Build_VST3=1",
					"JucePlugin_Build_AU=1",
					"JucePlugin_Build_AUv3=1",
					"JucePlugin_Build_RTAS=0",
					"JucePlugin_Build_AAX=0",
					"JucePlugin_Build_Standalone=1",
					"JUCE_SHARED_CODE=1", );
				GCC_VERSION = com.apple.compilers.llvm.clang.1_0;
				HEADER_SEARCH_PATHS = ("~/SDKs/VST_SDK/VST3_SDK", "../../JuceLibraryCode", "\"K:/Program Files (x86)/JUCE/modules\"", "\"K:/Program Files (x86)/JUCE/modules/juce_audio_plugin_client\"", "$(inherited)");
				INSTALL_PATH = "@executable_path/../Frameworks";
				MACOSX_DEPLOYMENT_TARGET = 10.11;
				MACOSX_DEPLOYMENT_TARGET_ppc = 10.4;
				PRODUCT_BUNDLE_IDENTIFIER = net.vocalodon.DonVST;
				SDKROOT_ppc = macosx10.5; }; name = Debug; };
		EF03BE68D681117A3ED97A47 = {isa = XCBuildConfiguration; buildSettings = {
				CLANG_CXX_LANGUAGE_STANDARD = "c++0x";
				CLANG_LINK_OBJC_RUNTIME = NO;
				COMBINE_HIDPI_IMAGES = YES;
				CONFIGURATION_BUILD_DIR = "$(PROJECT_DIR)/build/$(CONFIGURATION)";
				DEAD_CODE_STRIPPING = YES;
				GCC_GENERATE_DEBUGGING_SYMBOLS = NO;
				GCC_OPTIMIZATION_LEVEL = 3;
				GCC_PREPROCESSOR_DEFINITIONS = (
					"_NDEBUG=1",
					"NDEBUG=1",
					"JUCER_XCODE_MAC_F6D2F4CF=1",
					"JUCE_APP_VERSION=1.0.0",
					"JUCE_APP_VERSION_HEX=0x10000",
					"JucePlugin_Build_VST=1",
					"JucePlugin_Build_VST3=1",
					"JucePlugin_Build_AU=1",
					"JucePlugin_Build_AUv3=1",
					"JucePlugin_Build_RTAS=0",
					"JucePlugin_Build_AAX=0",
					"JucePlugin_Build_Standalone=1",
					"JUCE_SHARED_CODE=1", );
				GCC_SYMBOLS_PRIVATE_EXTERN = YES;
				GCC_VERSION = com.apple.compilers.llvm.clang.1_0;
				HEADER_SEARCH_PATHS = ("~/SDKs/VST_SDK/VST3_SDK", "../../JuceLibraryCode", "\"K:/Program Files (x86)/JUCE/modules\"", "\"K:/Program Files (x86)/JUCE/modules/juce_audio_plugin_client\"", "$(inherited)");
				INSTALL_PATH = "@executable_path/../Frameworks";
				MACOSX_DEPLOYMENT_TARGET = 10.11;
				MACOSX_DEPLOYMENT_TARGET_ppc = 10.4;
				PRODUCT_BUNDLE_IDENTIFIER = net.vocalodon.DonVST;
				SDKROOT_ppc = macosx10.5; }; name = Release; };
		7BF68A90E52D59B451D60EF4 = {isa = XCBuildConfiguration; buildSettings = {
				ALWAYS_SEARCH_USER_PATHS = NO;
				DEBUG_INFORMATION_FORMAT = "dwarf";
				ENABLE_TESTABILITY = YES;
				GCC_C_LANGUAGE_STANDARD = c11;
				GCC_INLINES_ARE_PRIVATE_EXTERN = YES;
				GCC_MODEL_TUNING = G5;
				GCC_WARN_ABOUT_RETURN_TYPE = YES;
				GCC_WARN_CHECK_SWITCH_STATEMENTS = YES;
				GCC_WARN_MISSING_PARENTHESES = YES;
				GCC_WARN_NON_VIRTUAL_DESTRUCTOR = YES;
				GCC_WARN_TYPECHECK_CALLS_TO_PRINTF = YES;
				GCC_WARN_UNUSED_VARIABLE = YES;
				ONLY_ACTIVE_ARCH = YES;
				PRODUCT_NAME = "DonVST";
				WARNING_CFLAGS = -Wreorder;
				ZERO_LINK = NO; }; name = Debug; };
		6A9AEA1C2985D0CA5B5A220A = {isa = XCBuildConfiguration; buildSettings = {
				ALWAYS_SEARCH_USER_PATHS = NO;
				DEBUG_INFORMATION_FORMAT = "dwarf";
				GCC_C_LANGUAGE_STANDARD = c11;
				GCC_INLINES_ARE_PRIVATE_EXTERN = YES;
				GCC_MODEL_TUNING = G5;
				GCC_WARN_ABOUT_RETURN_TYPE = YES;
				GCC_WARN_CHECK_SWITCH_STATEMENTS = YES;
				GCC_WARN_MISSING_PARENTHESES = YES;
				GCC_WARN_NON_VIRTUAL_DESTRUCTOR = YES;
				GCC_WARN_TYPECHECK_CALLS_TO_PRINTF = YES;
				GCC_WARN_UNUSED_VARIABLE = YES;
				PRODUCT_NAME = "DonVST";
				WARNING_CFLAGS = -Wreorder;
				ZERO_LINK = NO; }; name = Release; };
		3731BE4D052328BC888B5F48 = {isa = PBXTargetDependency; target = 97D81FB1E79BD833C76C11F3; };
		CE3615F40632245CF148DAFC = {isa = PBXTargetDependency; target = D8E68C51208A5183E685F037; };
		5890A0868229D012B209F071 = {isa = PBXTargetDependency; target = 0AFC5736A6A898B286213049; };
		B9CCCBDB296E36E5DB4D6D6D = {isa = PBXTargetDependency; target = 137C0A9200552021036C355A; };
		56E6541A6AA7A9B290FB2953 = {isa = PBXTargetDependency; target = 01112810CB63FA73EE7E046D; };
		91CA55030305B9C1137C9761 = {isa = PBXTargetDependency; target = 377D8001299E7EF29C1D8A9B; };
		4FB8C8C63F3D997FECD40D4C = {isa = XCConfigurationList; buildConfigurations = (
					7BF68A90E52D59B451D60EF4,
					6A9AEA1C2985D0CA5B5A220A, ); defaultConfigurationIsVisible = 0; defaultConfigurationName = Debug; };
		278FA1CBD8FDD4C74604F2F4 = {isa = XCConfigurationList; buildConfigurations = (
					7A3E5C7C6C9ECBB8F28DB4CF,
					C4C0AE23DFC9C9615B62CCB7, ); defaultConfigurationIsVisible = 0; defaultConfigurationName = Debug; };
		AAA3FC880D63B639047581F0 = {isa = PBXAggregateTarget; buildConfigurationList = 278FA1CBD8FDD4C74604F2F4; buildPhases = (  ); buildRules = ( ); dependencies = (
					3731BE4D052328BC888B5F48,
					CE3615F40632245CF148DAFC,
					5890A0868229D012B209F071,
					B9CCCBDB296E36E5DB4D6D6D,
					56E6541A6AA7A9B290FB2953,
					91CA55030305B9C1137C9761, ); name = "DonVST - All"; productName = DonVST; };
		9B757C86B4E86813B3EF8310 = {isa = XCConfigurationList; buildConfigurations = (
					F5C9373D5CF4F604F5CB9B70,
					82F5DEF1BB841E944DFDCBAB, ); defaultConfigurationIsVisible = 0; defaultConfigurationName = Debug; };
		E48943839582DA8DB7CEDE40 = {isa = PBXResourcesBuildPhase; buildActionMask = 2147483647; files = (
					D08CE152CEC68E7C7F335827, ); runOnlyForDeploymentPostprocessing = 0; };
		A3C9DF0E01A7187B5DA0B5A7 = {isa = PBXSourcesBuildPhase; buildActionMask = 2147483647; files = (
					CF02907A0983DBF869D23264, ); runOnlyForDeploymentPostprocessing = 0; };
		C7DD7AB3BB100B965447C7AD = {isa = PBXFrameworksBuildPhase; buildActionMask = 2147483647; files = (
					7D5C2BC0239AB8E590D3F620,
					7781DB4B866D0F95FE700E7B,
					97D0156DE5C498C9509787A5,
					F01D1D9D8644A588469DCEDE,
					61D3BC209BEDBE5F994D6348,
					1CE7C7615A9F5667C3D8503C,
					685BE807F3A25FF5301E9230,
					58D67BA0AD27048BF7DEFC33,
					DBFBCD7CF737982D173A1C34,
					5EF17F73BDCC06D0646E3AAD,
					8E1EE26DC2623D8646807689,
					B5B14BF962561034C00F14D3,
					F2E429145278C802B3EA3630, ); runOnlyForDeploymentPostprocessing = 0; };
		97D81FB1E79BD833C76C11F3 = {isa = PBXNativeTarget; buildConfigurationList = 9B757C86B4E86813B3EF8310; buildPhases = (
					E48943839582DA8DB7CEDE40,
					A3C9DF0E01A7187B5DA0B5A7,
					C7DD7AB3BB100B965447C7AD, ); buildRules = ( ); dependencies = (
					91CA55030305B9C1137C9761, ); name = "DonVST - VST"; productName = DonVST; productReference = A6A29C1B7087A28C23A25243; productType = "com.apple.product-type.bundle"; };
		632A889A9253F8CE99F0FF84 = {isa = XCConfigurationList; buildConfigurations = (
					E1D03818BDFF31E7E758944F,
					6A146050C3592EB5929F97BC, ); defaultConfigurationIsVisible = 0; defaultConfigurationName = Debug; };
		34F52B284DED6E8F54FEC639 = {isa = PBXResourcesBuildPhase; buildActionMask = 2147483647; files = (
					D08CE152CEC68E7C7F335827, ); runOnlyForDeploymentPostprocessing = 0; };
		BC6CAB1AFA24C117E79D424E = {isa = PBXSourcesBuildPhase; buildActionMask = 2147483647; files = (
					2523CE7F4B8C7600C67F4A12, ); runOnlyForDeploymentPostprocessing = 0; };
		241F4DAB088292E563856941 = {isa = PBXFrameworksBuildPhase; buildActionMask = 2147483647; files = (
					7D5C2BC0239AB8E590D3F620,
					7781DB4B866D0F95FE700E7B,
					97D0156DE5C498C9509787A5,
					F01D1D9D8644A588469DCEDE,
					61D3BC209BEDBE5F994D6348,
					1CE7C7615A9F5667C3D8503C,
					685BE807F3A25FF5301E9230,
					58D67BA0AD27048BF7DEFC33,
					DBFBCD7CF737982D173A1C34,
					5EF17F73BDCC06D0646E3AAD,
					8E1EE26DC2623D8646807689,
					B5B14BF962561034C00F14D3,
					F2E429145278C802B3EA3630, ); runOnlyForDeploymentPostprocessing = 0; };
		D8E68C51208A5183E685F037 = {isa = PBXNativeTarget; buildConfigurationList = 632A889A9253F8CE99F0FF84; buildPhases = (
					34F52B284DED6E8F54FEC639,
					BC6CAB1AFA24C117E79D424E,
					241F4DAB088292E563856941, ); buildRules = ( ); dependencies = (
					91CA55030305B9C1137C9761, ); name = "DonVST - VST3"; productName = DonVST; productReference = 0EE25E6D49D4E5CA3CFBCD5F; productType = "com.apple.product-type.bundle"; };
		A87C3B3286A5EF4AAF5E89A2 = {isa = XCConfigurationList; buildConfigurations = (
					5E9D56552E6A4542E33E60C0,
					BC1FB9891821105C9EF01DF1, ); defaultConfigurationIsVisible = 0; defaultConfigurationName = Debug; };
		6509CCED079489C45F1A4E04 = {isa = PBXResourcesBuildPhase; buildActionMask = 2147483647; files = (
					D08CE152CEC68E7C7F335827, ); runOnlyForDeploymentPostprocessing = 0; };
		9A02C155E3F4FD19B4D22E34 = {isa = PBXRezBuildPhase; buildActionMask = 2147483647; files = (
					81D609FA0F7B6B923009F836, ); runOnlyForDeploymentPostprocessing = 0; };
		17246F05794DDEC9EEF64EF6 = {isa = PBXSourcesBuildPhase; buildActionMask = 2147483647; files = (
					8D940BB0FF9BD3DF6D28DA4E,
					5E196F03F4055E3B808BA5CA, ); runOnlyForDeploymentPostprocessing = 0; };
		08D6860CB5582258D090071F = {isa = PBXFrameworksBuildPhase; buildActionMask = 2147483647; files = (
					7D5C2BC0239AB8E590D3F620,
					7781DB4B866D0F95FE700E7B,
					328D7AE9B43764BD12B0F92C,
					97D0156DE5C498C9509787A5,
					F01D1D9D8644A588469DCEDE,
					61D3BC209BEDBE5F994D6348,
					1CE7C7615A9F5667C3D8503C,
					4CE8285EABC11E75533131FF,
					685BE807F3A25FF5301E9230,
					58D67BA0AD27048BF7DEFC33,
					DBFBCD7CF737982D173A1C34,
					5EF17F73BDCC06D0646E3AAD,
					8E1EE26DC2623D8646807689,
					B5B14BF962561034C00F14D3,
					F2E429145278C802B3EA3630, ); runOnlyForDeploymentPostprocessing = 0; };
		0AFC5736A6A898B286213049 = {isa = PBXNativeTarget; buildConfigurationList = A87C3B3286A5EF4AAF5E89A2; buildPhases = (
					6509CCED079489C45F1A4E04,
					9A02C155E3F4FD19B4D22E34,
					17246F05794DDEC9EEF64EF6,
					08D6860CB5582258D090071F, ); buildRules = ( ); dependencies = (
					91CA55030305B9C1137C9761, ); name = "DonVST - AU"; productName = DonVST; productReference = 87AD42636BF9E84878133798; productType = "com.apple.product-type.bundle"; };
		1A1D2B586A8AFC08B8352075 = {isa = XCConfigurationList; buildConfigurations = (
					156125FBE858E98719B8F4E8,
					14439D14213B9830ECD40C06, ); defaultConfigurationIsVisible = 0; defaultConfigurationName = Debug; };
		7FAED27F8B9953CF4F8107B7 = {isa = PBXResourcesBuildPhase; buildActionMask = 2147483647; files = (
					D08CE152CEC68E7C7F335827, ); runOnlyForDeploymentPostprocessing = 0; };
		3299DA20DE2EF6CD040470C0 = {isa = PBXSourcesBuildPhase; buildActionMask = 2147483647; files = (
					F11CFCEC2822A83072057180, ); runOnlyForDeploymentPostprocessing = 0; };
		7A0DF396C8C38008B7DAB781 = {isa = PBXFrameworksBuildPhase; buildActionMask = 2147483647; files = (
					7D5C2BC0239AB8E590D3F620,
					7781DB4B866D0F95FE700E7B,
					328D7AE9B43764BD12B0F92C,
					97D0156DE5C498C9509787A5,
					F01D1D9D8644A588469DCEDE,
					61D3BC209BEDBE5F994D6348,
					1CE7C7615A9F5667C3D8503C,
					4CE8285EABC11E75533131FF,
					685BE807F3A25FF5301E9230,
					58D67BA0AD27048BF7DEFC33,
					DBFBCD7CF737982D173A1C34,
					5EF17F73BDCC06D0646E3AAD,
					8E1EE26DC2623D8646807689,
					B5B14BF962561034C00F14D3,
					F2E429145278C802B3EA3630, ); runOnlyForDeploymentPostprocessing = 0; };
		137C0A9200552021036C355A = {isa = PBXNativeTarget; buildConfigurationList = 1A1D2B586A8AFC08B8352075; buildPhases = (
					7FAED27F8B9953CF4F8107B7,
					3299DA20DE2EF6CD040470C0,
					7A0DF396C8C38008B7DAB781, ); buildRules = ( ); dependencies = (
					91CA55030305B9C1137C9761, ); name = "DonVST - AUv3 AppExtension"; productName = DonVST; productReference = E9288F9618CEF32B22F1C531; productType = "com.apple.product-type.app-extension"; };
		D2ACAD07996524C1D6E320C2 = {isa = XCConfigurationList; buildConfigurations = (
					ED70538D5BCE1CE5241A7780,
					185FEBFAF8DC022C982C1D19, ); defaultConfigurationIsVisible = 0; defaultConfigurationName = Debug; };
		63C1B8F0D2E813987CBFE4FB = {isa = PBXResourcesBuildPhase; buildActionMask = 2147483647; files = (
					D08CE152CEC68E7C7F335827, ); runOnlyForDeploymentPostprocessing = 0; };
		8D6815E351EA545E20FA55EF = {isa = PBXSourcesBuildPhase; buildActionMask = 2147483647; files = (
					0D73EE7237CCAB2C13ACE2EA, ); runOnlyForDeploymentPostprocessing = 0; };
		B09B72A98FDC8D803139A946 = {isa = PBXFrameworksBuildPhase; buildActionMask = 2147483647; files = (
					7D5C2BC0239AB8E590D3F620,
					7781DB4B866D0F95FE700E7B,
					97D0156DE5C498C9509787A5,
					F01D1D9D8644A588469DCEDE,
					61D3BC209BEDBE5F994D6348,
					1CE7C7615A9F5667C3D8503C,
					685BE807F3A25FF5301E9230,
					58D67BA0AD27048BF7DEFC33,
					DBFBCD7CF737982D173A1C34,
					5EF17F73BDCC06D0646E3AAD,
					8E1EE26DC2623D8646807689,
					B5B14BF962561034C00F14D3,
					F2E429145278C802B3EA3630, ); runOnlyForDeploymentPostprocessing = 0; };
		6259FEB6655CA3796AC7EC2D = {isa = PBXCopyFilesBuildPhase; buildActionMask = 2147483647; files = (
					B1FCFCF92AF9AE97BE2805FC, ); runOnlyForDeploymentPostprocessing = 0; name = "Embed App Extensions"; dstPath = ""; dstSubfolderSpec = 13; };
		01112810CB63FA73EE7E046D = {isa = PBXNativeTarget; buildConfigurationList = D2ACAD07996524C1D6E320C2; buildPhases = (
					63C1B8F0D2E813987CBFE4FB,
					8D6815E351EA545E20FA55EF,
					B09B72A98FDC8D803139A946,
					6259FEB6655CA3796AC7EC2D, ); buildRules = ( ); dependencies = (
					B9CCCBDB296E36E5DB4D6D6D,
					91CA55030305B9C1137C9761, ); name = "DonVST - Standalone Plugin"; productName = DonVST; productReference = F9DA81F7B2E8F9B50B7A4BFB; productType = "com.apple.product-type.application"; };
		272006705D7DD779443A2390 = {isa = XCConfigurationList; buildConfigurations = (
					E90F1246C9D47FD41C36DDEE,
					EF03BE68D681117A3ED97A47, ); defaultConfigurationIsVisible = 0; defaultConfigurationName = Debug; };
		3ACF50FD1F1175C067441742 = {isa = PBXSourcesBuildPhase; buildActionMask = 2147483647; files = (
					B2C64AE647E79C870BB1C65F,
					A4DB5A3F1B0E76308207661E,
					E14CAC87BEB554CA2D0F7F42,
					50251FEF3D5838BE77DA51AC,
					12E78B1AE94DC86C14693A8F,
					85C8A263CBCB2E9D0352D1B1,
					145483B3784DE16058752791,
					37BAB82B2CCE17E89056DC15,
					278E2DEA747AF9C385DA1568,
					85F5AE4438C3E989FE6CBF28,
					3416D7F9DE798EE4242298F4,
					C419C57383D8DF8F67BCD53A,
					0E8DA1E22D8F30A9876F3A11,
					45AACB3D8C35B8E65AD19581,
					62F423BFCDEF213C25B978F1,
					DB13F90953585EE9B1E49EB1,
					954E458E2546CBCEE30DDF16,
					BBF636EC30AB32265478ECF4, ); runOnlyForDeploymentPostprocessing = 0; };
		377D8001299E7EF29C1D8A9B = {isa = PBXNativeTarget; buildConfigurationList = 272006705D7DD779443A2390; buildPhases = (
					3ACF50FD1F1175C067441742, ); buildRules = ( ); dependencies = (  ); name = "DonVST - Shared Code"; productName = DonVST; productReference = 994EC009FF9456F1AFEF11EE; productType = "com.apple.product-type.library.static"; };
		3E3443DCFD28B610645FF021 = {isa = PBXProject; buildConfigurationList = 4FB8C8C63F3D997FECD40D4C; attributes = { LastUpgradeCheck = 0830; TargetAttributes = { AAA3FC880D63B639047581F0 = { SystemCapabilities = {com.apple.InAppPurchase = { enabled = 0; }; com.apple.InterAppAudio = { enabled = 0; }; com.apple.Sandbox = { enabled = 0; }; }; };97D81FB1E79BD833C76C11F3 = { SystemCapabilities = {com.apple.InAppPurchase = { enabled = 0; }; com.apple.InterAppAudio = { enabled = 0; }; com.apple.Sandbox = { enabled = 0; }; }; };D8E68C51208A5183E685F037 = { SystemCapabilities = {com.apple.InAppPurchase = { enabled = 0; }; com.apple.InterAppAudio = { enabled = 0; }; com.apple.Sandbox = { enabled = 0; }; }; };0AFC5736A6A898B286213049 = { SystemCapabilities = {com.apple.InAppPurchase = { enabled = 0; }; com.apple.InterAppAudio = { enabled = 0; }; com.apple.Sandbox = { enabled = 0; }; }; };137C0A9200552021036C355A = { SystemCapabilities = {com.apple.InAppPurchase = { enabled = 0; }; com.apple.InterAppAudio = { enabled = 0; }; com.apple.Sandbox = { enabled = 1; }; }; };01112810CB63FA73EE7E046D = { SystemCapabilities = {com.apple.InAppPurchase = { enabled = 0; }; com.apple.InterAppAudio = { enabled = 0; }; com.apple.Sandbox = { enabled = 0; }; }; };377D8001299E7EF29C1D8A9B = { SystemCapabilities = {com.apple.InAppPurchase = { enabled = 0; }; com.apple.InterAppAudio = { enabled = 0; }; com.apple.Sandbox = { enabled = 0; }; }; }; }; }; compatibilityVersion = "Xcode 3.2"; hasScannedForEncodings = 0; mainGroup = 1A116CED3723484096C03188; projectDirPath = ""; projectRoot = ""; targets = (AAA3FC880D63B639047581F0, 97D81FB1E79BD833C76C11F3, D8E68C51208A5183E685F037, 0AFC5736A6A898B286213049, 137C0A9200552021036C355A, 01112810CB63FA73EE7E046D, 377D8001299E7EF29C1D8A9B); };
	};
	rootObject = 3E3443DCFD28B610645FF021;
}
